
Microsoft Visual Studio Solution File, Format Version 12.00
# Visual Studio 14
VisualStudioVersion = 14.0.23107.0
MinimumVisualStudioVersion = 10.0.40219.1
Project("{FAE04EC0-301F-11D3-BF4B-00C04F79EFBC}") = "JesseHouwing.CheckinPolicies", "JesseHouwing.CheckinPolicies\JesseHouwing.CheckinPolicies.csproj", "{CAF15AC1-8D7F-4FB2-8712-0435EC522AC3}"
EndProject
Project("{FAE04EC0-301F-11D3-BF4B-00C04F79EFBC}") = "JesseHouwing.CheckinPolicies.Tests", "JesseHouwing.CheckinPolicies.Tests\JesseHouwing.CheckinPolicies.Tests.csproj", "{D9A0DAB0-B6C6-4E79-80A0-8204BF190A2D}"
EndProject
Global
	GlobalSection(SolutionConfigurationPlatforms) = preSolution
		Debug|Any CPU = Debug|Any CPU
		Release|Any CPU = Release|Any CPU
		VS2010|Any CPU = VS2010|Any CPU
		VS2012|Any CPU = VS2012|Any CPU
		VS2013|Any CPU = VS2013|Any CPU
	EndGlobalSection
	GlobalSection(ProjectConfigurationPlatforms) = postSolution
		{CAF15AC1-8D7F-4FB2-8712-0435EC522AC3}.Debug|Any CPU.ActiveCfg = VS2013|Any CPU
		{CAF15AC1-8D7F-4FB2-8712-0435EC522AC3}.Debug|Any CPU.Build.0 = VS2013|Any CPU
		{CAF15AC1-8D7F-4FB2-8712-0435EC522AC3}.Release|Any CPU.ActiveCfg = VS2013|Any CPU
		{CAF15AC1-8D7F-4FB2-8712-0435EC522AC3}.Release|Any CPU.Build.0 = VS2013|Any CPU
		{CAF15AC1-8D7F-4FB2-8712-0435EC522AC3}.VS2010|Any CPU.ActiveCfg = VS2010|Any CPU
		{CAF15AC1-8D7F-4FB2-8712-0435EC522AC3}.VS2010|Any CPU.Build.0 = VS2010|Any CPU
		{CAF15AC1-8D7F-4FB2-8712-0435EC522AC3}.VS2012|Any CPU.ActiveCfg = VS2012|Any CPU
		{CAF15AC1-8D7F-4FB2-8712-0435EC522AC3}.VS2012|Any CPU.Build.0 = VS2012|Any CPU
		{CAF15AC1-8D7F-4FB2-8712-0435EC522AC3}.VS2013|Any CPU.ActiveCfg = VS2013|Any CPU
		{CAF15AC1-8D7F-4FB2-8712-0435EC522AC3}.VS2013|Any CPU.Build.0 = VS2013|Any CPU
		{D9A0DAB0-B6C6-4E79-80A0-8204BF190A2D}.Debug|Any CPU.ActiveCfg = Debug|Any CPU
		{D9A0DAB0-B6C6-4E79-80A0-8204BF190A2D}.Debug|Any CPU.Build.0 = Debug|Any CPU
		{D9A0DAB0-B6C6-4E79-80A0-8204BF190A2D}.Release|Any CPU.ActiveCfg = Release|Any CPU
		{D9A0DAB0-B6C6-4E79-80A0-8204BF190A2D}.Release|Any CPU.Build.0 = Release|Any CPU
		{D9A0DAB0-B6C6-4E79-80A0-8204BF190A2D}.VS2010|Any CPU.ActiveCfg = Release|Any CPU
		{D9A0DAB0-B6C6-4E79-80A0-8204BF190A2D}.VS2010|Any CPU.Build.0 = Release|Any CPU
		{D9A0DAB0-B6C6-4E79-80A0-8204BF190A2D}.VS2012|Any CPU.ActiveCfg = Release|Any CPU
		{D9A0DAB0-B6C6-4E79-80A0-8204BF190A2D}.VS2012|Any CPU.Build.0 = Release|Any CPU
		{D9A0DAB0-B6C6-4E79-80A0-8204BF190A2D}.VS2013|Any CPU.ActiveCfg = Release|Any CPU
		{D9A0DAB0-B6C6-4E79-80A0-8204BF190A2D}.VS2013|Any CPU.Build.0 = Release|Any CPU
	EndGlobalSection
	GlobalSection(SolutionProperties) = preSolution
		HideSolutionNode = FALSE
	EndGlobalSection
	GlobalSection(CodealikeProperties) = postSolution
		SolutionGuid = ae0303c2-0910-41f1-82be-03b44dd073e8
	EndGlobalSection
EndGlobal
